
Microsoft Visual Studio Solution File, Format Version 12.00
# Visual Studio 2012
Project("{FAE04EC0-301F-11D3-BF4B-00C04F79EFBC}") = "APPLICATION ASMBK", "APPLICATION ASMBK\APPLICATION ASMBK.csproj", "{0C88FB47-816B-4BD6-A46C-3C025A42D908}"
EndProject
Global
	GlobalSection(SolutionConfigurationPlatforms) = preSolution
		Debug|Any CPU = Debug|Any CPU
		Release|Any CPU = Release|Any CPU
	EndGlobalSection
	GlobalSection(ProjectConfigurationPlatforms) = postSolution
		{0C88FB47-816B-4BD6-A46C-3C025A42D908}.Debug|Any CPU.ActiveCfg = Debug|Any CPU
		{0C88FB47-816B-4BD6-A46C-3C025A42D908}.Debug|Any CPU.Build.0 = Debug|Any CPU
		{0C88FB47-816B-4BD6-A46C-3C025A42D908}.Release|Any CPU.ActiveCfg = Release|Any CPU
		{0C88FB47-816B-4BD6-A46C-3C025A42D908}.Release|Any CPU.Build.0 = Release|Any CPU
	EndGlobalSection
	GlobalSection(SolutionProperties) = preSolution
		HideSolutionNode = FALSE
	EndGlobalSection
EndGlobal
